
Microsoft Visual Studio Solution File, Format Version 12.00
# Visual Studio Version 17
VisualStudioVersion = 17.13.35825.156
MinimumVisualStudioVersion = 10.0.40219.1
Project("{FAE04EC0-301F-11D3-BF4B-00C04F79EFBC}") = "POS點餐機", "POS點餐機\POS點餐機.csproj", "{F5C3DBDA-064E-44CF-BC7B-4D5A8765A919}"
EndProject
Project("{FAE04EC0-301F-11D3-BF4B-00C04F79EFBC}") = "EventHandlerTest", "EventHandlearTest\EventHandlerTest.csproj", "{AEA7A5B8-77AC-455F-8F7C-15200BCAE350}"
EndProject
Project("{FAE04EC0-301F-11D3-BF4B-00C04F79EFBC}") = "EventHandlerTest2", "EventHandlerTest2\EventHandlerTest2.csproj", "{93249FD9-25ED-4AD0-9241-645E09898095}"
EndProject
Global
	GlobalSection(SolutionConfigurationPlatforms) = preSolution
		Debug|Any CPU = Debug|Any CPU
		Release|Any CPU = Release|Any CPU
	EndGlobalSection
	GlobalSection(ProjectConfigurationPlatforms) = postSolution
		{F5C3DBDA-064E-44CF-BC7B-4D5A8765A919}.Debug|Any CPU.ActiveCfg = Debug|Any CPU
		{F5C3DBDA-064E-44CF-BC7B-4D5A8765A919}.Debug|Any CPU.Build.0 = Debug|Any CPU
		{F5C3DBDA-064E-44CF-BC7B-4D5A8765A919}.Release|Any CPU.ActiveCfg = Release|Any CPU
		{F5C3DBDA-064E-44CF-BC7B-4D5A8765A919}.Release|Any CPU.Build.0 = Release|Any CPU
		{AEA7A5B8-77AC-455F-8F7C-15200BCAE350}.Debug|Any CPU.ActiveCfg = Debug|Any CPU
		{AEA7A5B8-77AC-455F-8F7C-15200BCAE350}.Debug|Any CPU.Build.0 = Debug|Any CPU
		{AEA7A5B8-77AC-455F-8F7C-15200BCAE350}.Release|Any CPU.ActiveCfg = Release|Any CPU
		{AEA7A5B8-77AC-455F-8F7C-15200BCAE350}.Release|Any CPU.Build.0 = Release|Any CPU
		{93249FD9-25ED-4AD0-9241-645E09898095}.Debug|Any CPU.ActiveCfg = Debug|Any CPU
		{93249FD9-25ED-4AD0-9241-645E09898095}.Debug|Any CPU.Build.0 = Debug|Any CPU
		{93249FD9-25ED-4AD0-9241-645E09898095}.Release|Any CPU.ActiveCfg = Release|Any CPU
		{93249FD9-25ED-4AD0-9241-645E09898095}.Release|Any CPU.Build.0 = Release|Any CPU
	EndGlobalSection
	GlobalSection(SolutionProperties) = preSolution
		HideSolutionNode = FALSE
	EndGlobalSection
	GlobalSection(ExtensibilityGlobals) = postSolution
		SolutionGuid = {AB5E8A85-6800-445E-AEB0-D038CA2E9B19}
	EndGlobalSection
EndGlobal
